{
  "name": "even-notifications",
  "version": "1.0.1",
  "lockfileVersion": 3,
  "requires": true,
  "packages": {
    "": {
      "name": "even-notifications",
      "version": "1.0.1",
      "devDependencies": {
        "@evenrealities/even_hub_sdk": "^0.0.11",
        "typescript": "~5.4.0",
        "upng-js": "^2.1.0"
      },
      "peerDependencies": {
        "@evenrealities/even_hub_sdk": ">=0.0.10"
      }
    },
    "node_modules/@evenrealities/even_hub_sdk": {
      "version": "0.0.11",
      "resolved": "https://registry.npmjs.org/@evenrealities/even_hub_sdk/-/even_hub_sdk-0.0.11.tgz",
      "integrity": "sha512-QLj15JmMbfPncl5hodTZEgQ42Dky85kvtlnqjEIsYZtvR4a5zWtdmUma0NDCNxhE+hxCjUpSGsu1uyDh1iUMdw==",
      "dev": true,
      "license": "MIT",
      "engines": {
        "node": "^20.0.0 || >=22.0.0"
      }
    },
    "node_modules/pako": {
      "version": "1.0.11",
      "resolved": "https://registry.npmjs.org/pako/-/pako-1.0.11.tgz",
      "integrity": "sha512-4hLB8Py4zZce5s4yd9XzopqwVv/yGNhV1Bl8NTmCq1763HeK2+EwVTv+leGeL13Dnh2wfbqowVPXCIO0z4taYw==",
      "dev": true,
      "license": "(MIT AND Zlib)"
    },
    "node_modules/typescript": {
      "version": "5.4.5",
      "resolved": "https://registry.npmjs.org/typescript/-/typescript-5.4.5.tgz",
      "integrity": "sha512-vcI4UpRgg81oIRUFwR0WSIHKt11nJ7SAVlYNIu+QpqeyXP+gpQJy/Z4+F0aGxSE4MqwjyXvW/TzgkLAx2AGHwQ==",
      "dev": true,
      "license": "Apache-2.0",
      "bin": {
        "tsc": "bin/tsc",
        "tsserver": "bin/tsserver"
      },
      "engines": {
        "node": ">=14.17"
      }
    },
    "node_modules/upng-js": {
      "version": "2.1.0",
      "resolved": "https://registry.npmjs.org/upng-js/-/upng-js-2.1.0.tgz",
      "integrity": "sha512-d3xzZzpMP64YkjP5pr8gNyvBt7dLk/uGI67EctzDuVp4lCZyVMo0aJO6l/VDlgbInJYDY6cnClLoBp29eKWI6g==",
      "dev": true,
      "license": "MIT",
      "dependencies": {
        "pako": "^1.0.5"
      }
    }
  }
}
